// !$*UTF8*$!
{
	archiveVersion = 1;
	classes = {
	};
	objectVersion = 52;
	objects = {

/* Begin PBXBuildFile section */
		492EDA1F240656DF0004E729 /* PreviewView.swift in Sources */ = {isa = PBXBuildFile; fileRef = 492EDA1E240656DF0004E729 /* PreviewView.swift */; };
		492EDA21240659DC0004E729 /* PreviewViewController.swift in Sources */ = {isa = PBXBuildFile; fileRef = 492EDA20240659DC0004E729 /* PreviewViewController.swift */; };
		492EDA23240662E80004E729 /* ViewControllerAR.swift in Sources */ = {isa = PBXBuildFile; fileRef = 492EDA22240662E80004E729 /* ViewControllerAR.swift */; };
		4939A126240460DF00561BFD /* LockView.swift in Sources */ = {isa = PBXBuildFile; fileRef = 4939A125240460DF00561BFD /* LockView.swift */; };
		4957CE6323EE61EA0004E528 /* DebugView.swift in Sources */ = {isa = PBXBuildFile; fileRef = 4957CE6223EE61EA0004E528 /* DebugView.swift */; };
		4957CE6523EE87BD0004E528 /* IotDataModelTests.swift in Sources */ = {isa = PBXBuildFile; fileRef = 4957CE6423EE87BD0004E528 /* IotDataModelTests.swift */; };
		4957CE6723EF1E280004E528 /* ActionDataModel.swift in Sources */ = {isa = PBXBuildFile; fileRef = 4957CE6623EF1E280004E528 /* ActionDataModel.swift */; };
		4957CE6923EF28D30004E528 /* ActionUtilities.swift in Sources */ = {isa = PBXBuildFile; fileRef = 4957CE6823EF28D30004E528 /* ActionUtilities.swift */; };
		4957CE6B23EF38660004E528 /* ActionManager.swift in Sources */ = {isa = PBXBuildFile; fileRef = 4957CE6A23EF38660004E528 /* ActionManager.swift */; };
		4957CE6D23EF506E0004E528 /* Constants.swift in Sources */ = {isa = PBXBuildFile; fileRef = 4957CE6C23EF506E0004E528 /* Constants.swift */; };
		4957CE7223EF693F0004E528 /* FlexColorPicker in Frameworks */ = {isa = PBXBuildFile; productRef = 4957CE7123EF693F0004E528 /* FlexColorPicker */; };
		4957CE7423EF766C0004E528 /* ColorController.swift in Sources */ = {isa = PBXBuildFile; fileRef = 4957CE7323EF766C0004E528 /* ColorController.swift */; };
		4957CE7B23EFD8A30004E528 /* MusicView.swift in Sources */ = {isa = PBXBuildFile; fileRef = 4957CE7A23EFD8A30004E528 /* MusicView.swift */; };
		4992C24D23D04BB4002C712F /* AppDelegate.swift in Sources */ = {isa = PBXBuildFile; fileRef = 4992C24C23D04BB4002C712F /* AppDelegate.swift */; };
		4992C24F23D04BB4002C712F /* art.scnassets in Resources */ = {isa = PBXBuildFile; fileRef = 4992C24E23D04BB4002C712F /* art.scnassets */; };
		4992C25123D04BB4002C712F /* ViewController.swift in Sources */ = {isa = PBXBuildFile; fileRef = 4992C25023D04BB4002C712F /* ViewController.swift */; };
		4992C25623D04BB7002C712F /* Assets.xcassets in Resources */ = {isa = PBXBuildFile; fileRef = 4992C25523D04BB7002C712F /* Assets.xcassets */; };
		4992C25923D04BB7002C712F /* LaunchScreen.storyboard in Resources */ = {isa = PBXBuildFile; fileRef = 4992C25723D04BB7002C712F /* LaunchScreen.storyboard */; };
		4992C26423D04BB7002C712F /* capTests.swift in Sources */ = {isa = PBXBuildFile; fileRef = 4992C26323D04BB7002C712F /* capTests.swift */; };
		4992C26F23D04BB8002C712F /* capUITests.swift in Sources */ = {isa = PBXBuildFile; fileRef = 4992C26E23D04BB8002C712F /* capUITests.swift */; };
		4992C27D23D0BF40002C712F /* QRPlane.swift in Sources */ = {isa = PBXBuildFile; fileRef = 4992C27C23D0BF40002C712F /* QRPlane.swift */; };
		4992C27F23D0C47C002C712F /* Utilities.swift in Sources */ = {isa = PBXBuildFile; fileRef = 4992C27E23D0C47C002C712F /* Utilities.swift */; };
		4992C28723D0E9D3002C712F /* Assets.scnassets in Resources */ = {isa = PBXBuildFile; fileRef = 4992C28623D0E9D3002C712F /* Assets.scnassets */; };
		499C513D23D0ED6500FF9CBB /* Plane.swift in Sources */ = {isa = PBXBuildFile; fileRef = 499C513C23D0ED6500FF9CBB /* Plane.swift */; };
		499C513F23D0EF8800FF9CBB /* QRAnchorDetector.swift in Sources */ = {isa = PBXBuildFile; fileRef = 499C513E23D0EF8800FF9CBB /* QRAnchorDetector.swift */; };
		499C514123D2BB3700FF9CBB /* QRAnchor.swift in Sources */ = {isa = PBXBuildFile; fileRef = 499C514023D2BB3700FF9CBB /* QRAnchor.swift */; };
		499C514523DB48E400FF9CBB /* RemoteView.swift in Sources */ = {isa = PBXBuildFile; fileRef = 499C514423DB48E300FF9CBB /* RemoteView.swift */; };
		499C514723E0F48D00FF9CBB /* RemoteViewController.swift in Sources */ = {isa = PBXBuildFile; fileRef = 499C514623E0F48D00FF9CBB /* RemoteViewController.swift */; };
		499C515023E236F000FF9CBB /* ClimateView.swift in Sources */ = {isa = PBXBuildFile; fileRef = 499C514F23E236F000FF9CBB /* ClimateView.swift */; };
		49BA559E2420167300B8D9A7 /* LifiDetector.swift in Sources */ = {isa = PBXBuildFile; fileRef = 49BA559D2420167300B8D9A7 /* LifiDetector.swift */; };
		49BA55A12421318F00B8D9A7 /* opencv2.framework in Frameworks */ = {isa = PBXBuildFile; fileRef = 49BA55A02421318E00B8D9A7 /* opencv2.framework */; };
		49BA55A82421347200B8D9A7 /* OpenCVWrapper.mm in Sources */ = {isa = PBXBuildFile; fileRef = 49BA55A72421347200B8D9A7 /* OpenCVWrapper.mm */; };
		49BA55AD2421457D00B8D9A7 /* ColorDetector.cpp in Sources */ = {isa = PBXBuildFile; fileRef = 49BA55AB2421457D00B8D9A7 /* ColorDetector.cpp */; };
		49BA55B0242183DE00B8D9A7 /* TargetDetector.cpp in Sources */ = {isa = PBXBuildFile; fileRef = 49BA55AE242183DE00B8D9A7 /* TargetDetector.cpp */; };
		49BA55B324218DEF00B8D9A7 /* TargetHistory.cpp in Sources */ = {isa = PBXBuildFile; fileRef = 49BA55B124218DEF00B8D9A7 /* TargetHistory.cpp */; };
		49BA55B624218FE400B8D9A7 /* HistoryInterpreter.cpp in Sources */ = {isa = PBXBuildFile; fileRef = 49BA55B424218FE400B8D9A7 /* HistoryInterpreter.cpp */; };
		49BA55B92421A09300B8D9A7 /* CvHelper.cpp in Sources */ = {isa = PBXBuildFile; fileRef = 49BA55B72421A09300B8D9A7 /* CvHelper.cpp */; };
		49C4964C2400497600AE4094 /* ActionManagerTests.swift in Sources */ = {isa = PBXBuildFile; fileRef = 49C4964B2400497600AE4094 /* ActionManagerTests.swift */; };
		49C4964E240066BA00AE4094 /* Throttler.swift in Sources */ = {isa = PBXBuildFile; fileRef = 49C4964D240066BA00AE4094 /* Throttler.swift */; };
		49FBA97F23E4B80E001BA3F1 /* AbstractRemoteView.swift in Sources */ = {isa = PBXBuildFile; fileRef = 49FBA97E23E4B80E001BA3F1 /* AbstractRemoteView.swift */; };
		49FBA98123E8A40A001BA3F1 /* LightView.swift in Sources */ = {isa = PBXBuildFile; fileRef = 49FBA98023E8A40A001BA3F1 /* LightView.swift */; };
		49FBA98323E8A915001BA3F1 /* IoTDataModel.swift in Sources */ = {isa = PBXBuildFile; fileRef = 49FBA98223E8A915001BA3F1 /* IoTDataModel.swift */; };
		49FBA98523E91C58001BA3F1 /* DummyData.swift in Sources */ = {isa = PBXBuildFile; fileRef = 49FBA98423E91C58001BA3F1 /* DummyData.swift */; };
		49FBA98823E9CC4C001BA3F1 /* IoTDataManager.swift in Sources */ = {isa = PBXBuildFile; fileRef = 49FBA98723E9CC4C001BA3F1 /* IoTDataManager.swift */; };
		E9EEC39323EF4DAF005CE6DA /* ViewControllerNoAR.swift in Sources */ = {isa = PBXBuildFile; fileRef = E9EEC39223EF4DAF005CE6DA /* ViewControllerNoAR.swift */; };
/* End PBXBuildFile section */

/* Begin PBXContainerItemProxy section */
		4992C26023D04BB7002C712F /* PBXContainerItemProxy */ = {
			isa = PBXContainerItemProxy;
			containerPortal = 4992C24123D04BB4002C712F /* Project object */;
			proxyType = 1;
			remoteGlobalIDString = 4992C24823D04BB4002C712F;
			remoteInfo = cap;
		};
		4992C26B23D04BB8002C712F /* PBXContainerItemProxy */ = {
			isa = PBXContainerItemProxy;
			containerPortal = 4992C24123D04BB4002C712F /* Project object */;
			proxyType = 1;
			remoteGlobalIDString = 4992C24823D04BB4002C712F;
			remoteInfo = cap;
		};
/* End PBXContainerItemProxy section */

/* Begin PBXCopyFilesBuildPhase section */
		499C517023E4113F00FF9CBB /* Embed Frameworks */ = {
			isa = PBXCopyFilesBuildPhase;
			buildActionMask = 2147483647;
			dstPath = "";
			dstSubfolderSpec = 10;
			files = (
			);
			name = "Embed Frameworks";
			runOnlyForDeploymentPostprocessing = 0;
		};
/* End PBXCopyFilesBuildPhase section */

/* Begin PBXFileReference section */
		492EDA1E240656DF0004E729 /* PreviewView.swift */ = {isa = PBXFileReference; lastKnownFileType = sourcecode.swift; name = PreviewView.swift; path = cap/Views/PreviewView.swift; sourceTree = SOURCE_ROOT; };
		492EDA20240659DC0004E729 /* PreviewViewController.swift */ = {isa = PBXFileReference; lastKnownFileType = sourcecode.swift; path = PreviewViewController.swift; sourceTree = "<group>"; };
		492EDA22240662E80004E729 /* ViewControllerAR.swift */ = {isa = PBXFileReference; lastKnownFileType = sourcecode.swift; path = ViewControllerAR.swift; sourceTree = "<group>"; };
		4939A125240460DF00561BFD /* LockView.swift */ = {isa = PBXFileReference; lastKnownFileType = sourcecode.swift; path = LockView.swift; sourceTree = "<group>"; };
		4957CE6223EE61EA0004E528 /* DebugView.swift */ = {isa = PBXFileReference; lastKnownFileType = sourcecode.swift; path = DebugView.swift; sourceTree = "<group>"; };
		4957CE6423EE87BD0004E528 /* IotDataModelTests.swift */ = {isa = PBXFileReference; lastKnownFileType = sourcecode.swift; path = IotDataModelTests.swift; sourceTree = "<group>"; };
		4957CE6623EF1E280004E528 /* ActionDataModel.swift */ = {isa = PBXFileReference; lastKnownFileType = sourcecode.swift; path = ActionDataModel.swift; sourceTree = "<group>"; };
		4957CE6823EF28D30004E528 /* ActionUtilities.swift */ = {isa = PBXFileReference; lastKnownFileType = sourcecode.swift; path = ActionUtilities.swift; sourceTree = "<group>"; };
		4957CE6A23EF38660004E528 /* ActionManager.swift */ = {isa = PBXFileReference; lastKnownFileType = sourcecode.swift; path = ActionManager.swift; sourceTree = "<group>"; };
		4957CE6C23EF506E0004E528 /* Constants.swift */ = {isa = PBXFileReference; lastKnownFileType = sourcecode.swift; path = Constants.swift; sourceTree = "<group>"; };
		4957CE7323EF766C0004E528 /* ColorController.swift */ = {isa = PBXFileReference; lastKnownFileType = sourcecode.swift; path = ColorController.swift; sourceTree = "<group>"; };
		4957CE7A23EFD8A30004E528 /* MusicView.swift */ = {isa = PBXFileReference; lastKnownFileType = sourcecode.swift; path = MusicView.swift; sourceTree = "<group>"; };
		4992C24923D04BB4002C712F /* cap.app */ = {isa = PBXFileReference; explicitFileType = wrapper.application; includeInIndex = 0; path = cap.app; sourceTree = BUILT_PRODUCTS_DIR; };
		4992C24C23D04BB4002C712F /* AppDelegate.swift */ = {isa = PBXFileReference; lastKnownFileType = sourcecode.swift; path = AppDelegate.swift; sourceTree = "<group>"; };
		4992C24E23D04BB4002C712F /* art.scnassets */ = {isa = PBXFileReference; lastKnownFileType = wrapper.scnassets; path = art.scnassets; sourceTree = "<group>"; };
		4992C25023D04BB4002C712F /* ViewController.swift */ = {isa = PBXFileReference; lastKnownFileType = sourcecode.swift; path = ViewController.swift; sourceTree = "<group>"; };
		4992C25523D04BB7002C712F /* Assets.xcassets */ = {isa = PBXFileReference; lastKnownFileType = folder.assetcatalog; path = Assets.xcassets; sourceTree = "<group>"; };
		4992C25823D04BB7002C712F /* Base */ = {isa = PBXFileReference; lastKnownFileType = file.storyboard; name = Base; path = Base.lproj/LaunchScreen.storyboard; sourceTree = "<group>"; };
		4992C25A23D04BB7002C712F /* Info.plist */ = {isa = PBXFileReference; lastKnownFileType = text.plist.xml; path = Info.plist; sourceTree = "<group>"; };
		4992C25F23D04BB7002C712F /* capTests.xctest */ = {isa = PBXFileReference; explicitFileType = wrapper.cfbundle; includeInIndex = 0; path = capTests.xctest; sourceTree = BUILT_PRODUCTS_DIR; };
		4992C26323D04BB7002C712F /* capTests.swift */ = {isa = PBXFileReference; lastKnownFileType = sourcecode.swift; path = capTests.swift; sourceTree = "<group>"; };
		4992C26523D04BB7002C712F /* Info.plist */ = {isa = PBXFileReference; lastKnownFileType = text.plist.xml; path = Info.plist; sourceTree = "<group>"; };
		4992C26A23D04BB8002C712F /* capUITests.xctest */ = {isa = PBXFileReference; explicitFileType = wrapper.cfbundle; includeInIndex = 0; path = capUITests.xctest; sourceTree = BUILT_PRODUCTS_DIR; };
		4992C26E23D04BB8002C712F /* capUITests.swift */ = {isa = PBXFileReference; lastKnownFileType = sourcecode.swift; path = capUITests.swift; sourceTree = "<group>"; };
		4992C27023D04BB8002C712F /* Info.plist */ = {isa = PBXFileReference; lastKnownFileType = text.plist.xml; path = Info.plist; sourceTree = "<group>"; };
		4992C27C23D0BF40002C712F /* QRPlane.swift */ = {isa = PBXFileReference; lastKnownFileType = sourcecode.swift; path = QRPlane.swift; sourceTree = "<group>"; };
		4992C27E23D0C47C002C712F /* Utilities.swift */ = {isa = PBXFileReference; lastKnownFileType = sourcecode.swift; path = Utilities.swift; sourceTree = "<group>"; };
		4992C28623D0E9D3002C712F /* Assets.scnassets */ = {isa = PBXFileReference; lastKnownFileType = wrapper.scnassets; path = Assets.scnassets; sourceTree = "<group>"; };
		499C513C23D0ED6500FF9CBB /* Plane.swift */ = {isa = PBXFileReference; lastKnownFileType = sourcecode.swift; path = Plane.swift; sourceTree = "<group>"; };
		499C513E23D0EF8800FF9CBB /* QRAnchorDetector.swift */ = {isa = PBXFileReference; lastKnownFileType = sourcecode.swift; path = QRAnchorDetector.swift; sourceTree = "<group>"; };
		499C514023D2BB3700FF9CBB /* QRAnchor.swift */ = {isa = PBXFileReference; lastKnownFileType = sourcecode.swift; path = QRAnchor.swift; sourceTree = "<group>"; };
		499C514423DB48E300FF9CBB /* RemoteView.swift */ = {isa = PBXFileReference; lastKnownFileType = sourcecode.swift; path = RemoteView.swift; sourceTree = "<group>"; };
		499C514623E0F48D00FF9CBB /* RemoteViewController.swift */ = {isa = PBXFileReference; lastKnownFileType = sourcecode.swift; path = RemoteViewController.swift; sourceTree = "<group>"; };
		499C514F23E236F000FF9CBB /* ClimateView.swift */ = {isa = PBXFileReference; lastKnownFileType = sourcecode.swift; path = ClimateView.swift; sourceTree = "<group>"; };
		499C518B23E4159300FF9CBB /* MyPlayground.playground */ = {isa = PBXFileReference; lastKnownFileType = file.playground; name = MyPlayground.playground; path = "../../../Library/Autosave Information/MyPlayground.playground"; sourceTree = "<group>"; xcLanguageSpecificationIdentifier = xcode.lang.swift; };
		49BA559D2420167300B8D9A7 /* LifiDetector.swift */ = {isa = PBXFileReference; lastKnownFileType = sourcecode.swift; path = LifiDetector.swift; sourceTree = "<group>"; };
		49BA55A02421318E00B8D9A7 /* opencv2.framework */ = {isa = PBXFileReference; lastKnownFileType = wrapper.framework; name = opencv2.framework; path = libs/opencv2.framework; sourceTree = "<group>"; };
		49BA55A52421347100B8D9A7 /* cap-Bridging-Header.h */ = {isa = PBXFileReference; lastKnownFileType = sourcecode.c.h; path = "cap-Bridging-Header.h"; sourceTree = "<group>"; };
		49BA55A62421347100B8D9A7 /* OpenCVWrapper.h */ = {isa = PBXFileReference; lastKnownFileType = sourcecode.c.h; path = OpenCVWrapper.h; sourceTree = "<group>"; };
		49BA55A72421347200B8D9A7 /* OpenCVWrapper.mm */ = {isa = PBXFileReference; lastKnownFileType = sourcecode.cpp.objcpp; path = OpenCVWrapper.mm; sourceTree = "<group>"; };
		49BA55AB2421457D00B8D9A7 /* ColorDetector.cpp */ = {isa = PBXFileReference; lastKnownFileType = sourcecode.cpp.cpp; path = ColorDetector.cpp; sourceTree = "<group>"; };
		49BA55AC2421457D00B8D9A7 /* ColorDetector.hpp */ = {isa = PBXFileReference; lastKnownFileType = sourcecode.cpp.h; path = ColorDetector.hpp; sourceTree = "<group>"; };
		49BA55AE242183DE00B8D9A7 /* TargetDetector.cpp */ = {isa = PBXFileReference; lastKnownFileType = sourcecode.cpp.cpp; path = TargetDetector.cpp; sourceTree = "<group>"; };
		49BA55AF242183DE00B8D9A7 /* TargetDetector.hpp */ = {isa = PBXFileReference; lastKnownFileType = sourcecode.cpp.h; path = TargetDetector.hpp; sourceTree = "<group>"; };
		49BA55B124218DEF00B8D9A7 /* TargetHistory.cpp */ = {isa = PBXFileReference; lastKnownFileType = sourcecode.cpp.cpp; path = TargetHistory.cpp; sourceTree = "<group>"; };
		49BA55B224218DEF00B8D9A7 /* TargetHistory.hpp */ = {isa = PBXFileReference; lastKnownFileType = sourcecode.cpp.h; path = TargetHistory.hpp; sourceTree = "<group>"; };
		49BA55B424218FE400B8D9A7 /* HistoryInterpreter.cpp */ = {isa = PBXFileReference; lastKnownFileType = sourcecode.cpp.cpp; path = HistoryInterpreter.cpp; sourceTree = "<group>"; };
		49BA55B524218FE400B8D9A7 /* HistoryInterpreter.hpp */ = {isa = PBXFileReference; lastKnownFileType = sourcecode.cpp.h; path = HistoryInterpreter.hpp; sourceTree = "<group>"; };
		49BA55B72421A09300B8D9A7 /* CvHelper.cpp */ = {isa = PBXFileReference; lastKnownFileType = sourcecode.cpp.cpp; path = CvHelper.cpp; sourceTree = "<group>"; };
		49BA55B82421A09300B8D9A7 /* CvHelper.hpp */ = {isa = PBXFileReference; lastKnownFileType = sourcecode.cpp.h; path = CvHelper.hpp; sourceTree = "<group>"; };
		49BA55BA2421BAD000B8D9A7 /* DetectorConstants.h */ = {isa = PBXFileReference; lastKnownFileType = sourcecode.c.h; path = DetectorConstants.h; sourceTree = "<group>"; };
		49C4964B2400497600AE4094 /* ActionManagerTests.swift */ = {isa = PBXFileReference; lastKnownFileType = sourcecode.swift; path = ActionManagerTests.swift; sourceTree = "<group>"; };
		49C4964D240066BA00AE4094 /* Throttler.swift */ = {isa = PBXFileReference; lastKnownFileType = sourcecode.swift; path = Throttler.swift; sourceTree = "<group>"; };
		49FBA97E23E4B80E001BA3F1 /* AbstractRemoteView.swift */ = {isa = PBXFileReference; lastKnownFileType = sourcecode.swift; path = AbstractRemoteView.swift; sourceTree = "<group>"; };
		49FBA98023E8A40A001BA3F1 /* LightView.swift */ = {isa = PBXFileReference; lastKnownFileType = sourcecode.swift; path = LightView.swift; sourceTree = "<group>"; };
		49FBA98223E8A915001BA3F1 /* IoTDataModel.swift */ = {isa = PBXFileReference; lastKnownFileType = sourcecode.swift; path = IoTDataModel.swift; sourceTree = "<group>"; };
		49FBA98423E91C58001BA3F1 /* DummyData.swift */ = {isa = PBXFileReference; lastKnownFileType = sourcecode.swift; path = DummyData.swift; sourceTree = "<group>"; };
		49FBA98723E9CC4C001BA3F1 /* IoTDataManager.swift */ = {isa = PBXFileReference; lastKnownFileType = sourcecode.swift; path = IoTDataManager.swift; sourceTree = "<group>"; };
		E9EEC39223EF4DAF005CE6DA /* ViewControllerNoAR.swift */ = {isa = PBXFileReference; fileEncoding = 4; lastKnownFileType = sourcecode.swift; path = ViewControllerNoAR.swift; sourceTree = "<group>"; };
/* End PBXFileReference section */

/* Begin PBXFrameworksBuildPhase section */
		4992C24623D04BB4002C712F /* Frameworks */ = {
			isa = PBXFrameworksBuildPhase;
			buildActionMask = 2147483647;
			files = (
				49BA55A12421318F00B8D9A7 /* opencv2.framework in Frameworks */,
				4957CE7223EF693F0004E528 /* FlexColorPicker in Frameworks */,
			);
			runOnlyForDeploymentPostprocessing = 0;
		};
		4992C25C23D04BB7002C712F /* Frameworks */ = {
			isa = PBXFrameworksBuildPhase;
			buildActionMask = 2147483647;
			files = (
			);
			runOnlyForDeploymentPostprocessing = 0;
		};
		4992C26723D04BB8002C712F /* Frameworks */ = {
			isa = PBXFrameworksBuildPhase;
			buildActionMask = 2147483647;
			files = (
			);
			runOnlyForDeploymentPostprocessing = 0;
		};
/* End PBXFrameworksBuildPhase section */

/* Begin PBXGroup section */
		4957CE7523EFD6C80004E528 /* Views */ = {
			isa = PBXGroup;
			children = (
				4957CE6223EE61EA0004E528 /* DebugView.swift */,
				492EDA1E240656DF0004E729 /* PreviewView.swift */,
				49FBA97C23E4B77A001BA3F1 /* RemoteViews */,
			);
			path = Views;
			sourceTree = "<group>";
		};
		4957CE7623EFD6ED0004E528 /* Controllers */ = {
			isa = PBXGroup;
			children = (
				4992C25023D04BB4002C712F /* ViewController.swift */,
				492EDA22240662E80004E729 /* ViewControllerAR.swift */,
				E9EEC39223EF4DAF005CE6DA /* ViewControllerNoAR.swift */,
				492EDA20240659DC0004E729 /* PreviewViewController.swift */,
				499C514623E0F48D00FF9CBB /* RemoteViewController.swift */,
				4957CE7323EF766C0004E528 /* ColorController.swift */,
			);
			path = Controllers;
			sourceTree = "<group>";
		};
		4957CE7723EFD8570004E528 /* DemoViews */ = {
			isa = PBXGroup;
			children = (
			);
			path = DemoViews;
			sourceTree = "<group>";
		};
		4992C24023D04BB4002C712F = {
			isa = PBXGroup;
			children = (
				499C518B23E4159300FF9CBB /* MyPlayground.playground */,
				4992C24B23D04BB4002C712F /* cap */,
				4992C26223D04BB7002C712F /* capTests */,
				4992C26D23D04BB8002C712F /* capUITests */,
				4992C24A23D04BB4002C712F /* Products */,
				49BA559F2421318E00B8D9A7 /* Frameworks */,
			);
			sourceTree = "<group>";
		};
		4992C24A23D04BB4002C712F /* Products */ = {
			isa = PBXGroup;
			children = (
				4992C24923D04BB4002C712F /* cap.app */,
				4992C25F23D04BB7002C712F /* capTests.xctest */,
				4992C26A23D04BB8002C712F /* capUITests.xctest */,
			);
			name = Products;
			sourceTree = "<group>";
		};
		4992C24B23D04BB4002C712F /* cap */ = {
			isa = PBXGroup;
			children = (
				4992C24E23D04BB4002C712F /* art.scnassets */,
				4992C24C23D04BB4002C712F /* AppDelegate.swift */,
				4957CE6C23EF506E0004E528 /* Constants.swift */,
				49BA55AA242140C600B8D9A7 /* LifiDetector */,
				49FBA97D23E4B7AE001BA3F1 /* AR */,
				4957CE7623EFD6ED0004E528 /* Controllers */,
				4957CE7523EFD6C80004E528 /* Views */,
				49FBA98623E952C1001BA3F1 /* Model */,
				4992C27E23D0C47C002C712F /* Utilities.swift */,
				49C4964D240066BA00AE4094 /* Throttler.swift */,
				4992C25523D04BB7002C712F /* Assets.xcassets */,
				4992C28623D0E9D3002C712F /* Assets.scnassets */,
				4992C25723D04BB7002C712F /* LaunchScreen.storyboard */,
				4992C25A23D04BB7002C712F /* Info.plist */,
			);
			path = cap;
			sourceTree = "<group>";
		};
		4992C26223D04BB7002C712F /* capTests */ = {
			isa = PBXGroup;
			children = (
				4992C26523D04BB7002C712F /* Info.plist */,
				4992C26323D04BB7002C712F /* capTests.swift */,
				4957CE6423EE87BD0004E528 /* IotDataModelTests.swift */,
				49C4964B2400497600AE4094 /* ActionManagerTests.swift */,
			);
			path = capTests;
			sourceTree = "<group>";
		};
		4992C26D23D04BB8002C712F /* capUITests */ = {
			isa = PBXGroup;
			children = (
				4992C26E23D04BB8002C712F /* capUITests.swift */,
				4992C27023D04BB8002C712F /* Info.plist */,
			);
			path = capUITests;
			sourceTree = "<group>";
		};
		49BA559F2421318E00B8D9A7 /* Frameworks */ = {
			isa = PBXGroup;
			children = (
				49BA55A02421318E00B8D9A7 /* opencv2.framework */,
			);
			name = Frameworks;
			sourceTree = "<group>";
		};
		49BA55A92421392A00B8D9A7 /* OpenCVDetector */ = {
			isa = PBXGroup;
			children = (
				49BA55BA2421BAD000B8D9A7 /* DetectorConstants.h */,
				49BA55B82421A09300B8D9A7 /* CvHelper.hpp */,
				49BA55B72421A09300B8D9A7 /* CvHelper.cpp */,
				49BA55AF242183DE00B8D9A7 /* TargetDetector.hpp */,
				49BA55AE242183DE00B8D9A7 /* TargetDetector.cpp */,
				49BA55AC2421457D00B8D9A7 /* ColorDetector.hpp */,
				49BA55AB2421457D00B8D9A7 /* ColorDetector.cpp */,
				49BA55B224218DEF00B8D9A7 /* TargetHistory.hpp */,
				49BA55B124218DEF00B8D9A7 /* TargetHistory.cpp */,
				49BA55B524218FE400B8D9A7 /* HistoryInterpreter.hpp */,
				49BA55B424218FE400B8D9A7 /* HistoryInterpreter.cpp */,
			);
			path = OpenCVDetector;
			sourceTree = "<group>";
		};
		49BA55AA242140C600B8D9A7 /* LifiDetector */ = {
			isa = PBXGroup;
			children = (
				49BA55A52421347100B8D9A7 /* cap-Bridging-Header.h */,
				49BA559D2420167300B8D9A7 /* LifiDetector.swift */,
				49BA55A62421347100B8D9A7 /* OpenCVWrapper.h */,
				49BA55A72421347200B8D9A7 /* OpenCVWrapper.mm */,
				49BA55A92421392A00B8D9A7 /* OpenCVDetector */,
			);
			path = LifiDetector;
			sourceTree = "<group>";
		};
		49FBA97C23E4B77A001BA3F1 /* RemoteViews */ = {
			isa = PBXGroup;
			children = (
				4957CE7723EFD8570004E528 /* DemoViews */,
				49FBA97E23E4B80E001BA3F1 /* AbstractRemoteView.swift */,
				499C514423DB48E300FF9CBB /* RemoteView.swift */,
				499C514F23E236F000FF9CBB /* ClimateView.swift */,
				49FBA98023E8A40A001BA3F1 /* LightView.swift */,
				4957CE7A23EFD8A30004E528 /* MusicView.swift */,
				4939A125240460DF00561BFD /* LockView.swift */,
			);
			path = RemoteViews;
			sourceTree = "<group>";
		};
		49FBA97D23E4B7AE001BA3F1 /* AR */ = {
			isa = PBXGroup;
			children = (
				499C513E23D0EF8800FF9CBB /* QRAnchorDetector.swift */,
				4992C27C23D0BF40002C712F /* QRPlane.swift */,
				499C514023D2BB3700FF9CBB /* QRAnchor.swift */,
				499C513C23D0ED6500FF9CBB /* Plane.swift */,
			);
			path = AR;
			sourceTree = "<group>";
		};
		49FBA98623E952C1001BA3F1 /* Model */ = {
			isa = PBXGroup;
			children = (
				49FBA98223E8A915001BA3F1 /* IoTDataModel.swift */,
				49FBA98723E9CC4C001BA3F1 /* IoTDataManager.swift */,
				4957CE6A23EF38660004E528 /* ActionManager.swift */,
				4957CE6623EF1E280004E528 /* ActionDataModel.swift */,
				4957CE6823EF28D30004E528 /* ActionUtilities.swift */,
				49FBA98423E91C58001BA3F1 /* DummyData.swift */,
			);
			path = Model;
			sourceTree = "<group>";
		};
/* End PBXGroup section */

/* Begin PBXNativeTarget section */
		4992C24823D04BB4002C712F /* cap */ = {
			isa = PBXNativeTarget;
			buildConfigurationList = 4992C27323D04BB8002C712F /* Build configuration list for PBXNativeTarget "cap" */;
			buildPhases = (
				4992C24523D04BB4002C712F /* Sources */,
				4992C24623D04BB4002C712F /* Frameworks */,
				4992C24723D04BB4002C712F /* Resources */,
				499C517023E4113F00FF9CBB /* Embed Frameworks */,
			);
			buildRules = (
			);
			dependencies = (
			);
			name = cap;
			packageProductDependencies = (
				4957CE7123EF693F0004E528 /* FlexColorPicker */,
			);
			productName = cap;
			productReference = 4992C24923D04BB4002C712F /* cap.app */;
			productType = "com.apple.product-type.application";
		};
		4992C25E23D04BB7002C712F /* capTests */ = {
			isa = PBXNativeTarget;
			buildConfigurationList = 4992C27623D04BB8002C712F /* Build configuration list for PBXNativeTarget "capTests" */;
			buildPhases = (
				4992C25B23D04BB7002C712F /* Sources */,
				4992C25C23D04BB7002C712F /* Frameworks */,
				4992C25D23D04BB7002C712F /* Resources */,
			);
			buildRules = (
			);
			dependencies = (
				4992C26123D04BB7002C712F /* PBXTargetDependency */,
			);
			name = capTests;
			productName = capTests;
			productReference = 4992C25F23D04BB7002C712F /* capTests.xctest */;
			productType = "com.apple.product-type.bundle.unit-test";
		};
		4992C26923D04BB8002C712F /* capUITests */ = {
			isa = PBXNativeTarget;
			buildConfigurationList = 4992C27923D04BB8002C712F /* Build configuration list for PBXNativeTarget "capUITests" */;
			buildPhases = (
				4992C26623D04BB8002C712F /* Sources */,
				4992C26723D04BB8002C712F /* Frameworks */,
				4992C26823D04BB8002C712F /* Resources */,
			);
			buildRules = (
			);
			dependencies = (
				4992C26C23D04BB8002C712F /* PBXTargetDependency */,
			);
			name = capUITests;
			productName = capUITests;
			productReference = 4992C26A23D04BB8002C712F /* capUITests.xctest */;
			productType = "com.apple.product-type.bundle.ui-testing";
		};
/* End PBXNativeTarget section */

/* Begin PBXProject section */
		4992C24123D04BB4002C712F /* Project object */ = {
			isa = PBXProject;
			attributes = {
				LastSwiftUpdateCheck = 1130;
				LastUpgradeCheck = 1130;
				ORGANIZATIONNAME = "Andrew Tu";
				TargetAttributes = {
					4992C24823D04BB4002C712F = {
						CreatedOnToolsVersion = 11.3.1;
						LastSwiftMigration = 1130;
					};
					4992C25E23D04BB7002C712F = {
						CreatedOnToolsVersion = 11.3.1;
						TestTargetID = 4992C24823D04BB4002C712F;
					};
					4992C26923D04BB8002C712F = {
						CreatedOnToolsVersion = 11.3.1;
						TestTargetID = 4992C24823D04BB4002C712F;
					};
				};
			};
			buildConfigurationList = 4992C24423D04BB4002C712F /* Build configuration list for PBXProject "cap" */;
			compatibilityVersion = "Xcode 9.3";
			developmentRegion = en;
			hasScannedForEncodings = 0;
			knownRegions = (
				en,
				Base,
			);
			mainGroup = 4992C24023D04BB4002C712F;
			packageReferences = (
				4957CE7023EF693F0004E528 /* XCRemoteSwiftPackageReference "FlexColorPicker" */,
			);
			productRefGroup = 4992C24A23D04BB4002C712F /* Products */;
			projectDirPath = "";
			projectRoot = "";
			targets = (
				4992C24823D04BB4002C712F /* cap */,
				4992C25E23D04BB7002C712F /* capTests */,
				4992C26923D04BB8002C712F /* capUITests */,
			);
		};
/* End PBXProject section */

/* Begin PBXResourcesBuildPhase section */
		4992C24723D04BB4002C712F /* Resources */ = {
			isa = PBXResourcesBuildPhase;
			buildActionMask = 2147483647;
			files = (
				4992C24F23D04BB4002C712F /* art.scnassets in Resources */,
				4992C28723D0E9D3002C712F /* Assets.scnassets in Resources */,
				4992C25923D04BB7002C712F /* LaunchScreen.storyboard in Resources */,
				4992C25623D04BB7002C712F /* Assets.xcassets in Resources */,
			);
			runOnlyForDeploymentPostprocessing = 0;
		};
		4992C25D23D04BB7002C712F /* Resources */ = {
			isa = PBXResourcesBuildPhase;
			buildActionMask = 2147483647;
			files = (
			);
			runOnlyForDeploymentPostprocessing = 0;
		};
		4992C26823D04BB8002C712F /* Resources */ = {
			isa = PBXResourcesBuildPhase;
			buildActionMask = 2147483647;
			files = (
			);
			runOnlyForDeploymentPostprocessing = 0;
		};
/* End PBXResourcesBuildPhase section */

/* Begin PBXSourcesBuildPhase section */
		4992C24523D04BB4002C712F /* Sources */ = {
			isa = PBXSourcesBuildPhase;
			buildActionMask = 2147483647;
			files = (
				4957CE6923EF28D30004E528 /* ActionUtilities.swift in Sources */,
				4992C25123D04BB4002C712F /* ViewController.swift in Sources */,
				49BA55A82421347200B8D9A7 /* OpenCVWrapper.mm in Sources */,
				49C4964E240066BA00AE4094 /* Throttler.swift in Sources */,
				49BA55B0242183DE00B8D9A7 /* TargetDetector.cpp in Sources */,
				49BA55AD2421457D00B8D9A7 /* ColorDetector.cpp in Sources */,
				492EDA23240662E80004E729 /* ViewControllerAR.swift in Sources */,
				49FBA98123E8A40A001BA3F1 /* LightView.swift in Sources */,
				4957CE6723EF1E280004E528 /* ActionDataModel.swift in Sources */,
				4957CE6B23EF38660004E528 /* ActionManager.swift in Sources */,
				49FBA98323E8A915001BA3F1 /* IoTDataModel.swift in Sources */,
				499C514723E0F48D00FF9CBB /* RemoteViewController.swift in Sources */,
				4939A126240460DF00561BFD /* LockView.swift in Sources */,
				49BA559E2420167300B8D9A7 /* LifiDetector.swift in Sources */,
				499C515023E236F000FF9CBB /* ClimateView.swift in Sources */,
				E9EEC39323EF4DAF005CE6DA /* ViewControllerNoAR.swift in Sources */,
				499C514123D2BB3700FF9CBB /* QRAnchor.swift in Sources */,
				499C514523DB48E400FF9CBB /* RemoteView.swift in Sources */,
				492EDA1F240656DF0004E729 /* PreviewView.swift in Sources */,
				4992C27D23D0BF40002C712F /* QRPlane.swift in Sources */,
				499C513D23D0ED6500FF9CBB /* Plane.swift in Sources */,
				49BA55B624218FE400B8D9A7 /* HistoryInterpreter.cpp in Sources */,
				49FBA97F23E4B80E001BA3F1 /* AbstractRemoteView.swift in Sources */,
				49FBA98523E91C58001BA3F1 /* DummyData.swift in Sources */,
				4957CE7423EF766C0004E528 /* ColorController.swift in Sources */,
				4992C27F23D0C47C002C712F /* Utilities.swift in Sources */,
				4957CE6D23EF506E0004E528 /* Constants.swift in Sources */,
				4957CE6323EE61EA0004E528 /* DebugView.swift in Sources */,
				4992C24D23D04BB4002C712F /* AppDelegate.swift in Sources */,
				499C513F23D0EF8800FF9CBB /* QRAnchorDetector.swift in Sources */,
				4957CE7B23EFD8A30004E528 /* MusicView.swift in Sources */,
				49BA55B92421A09300B8D9A7 /* CvHelper.cpp in Sources */,
				49FBA98823E9CC4C001BA3F1 /* IoTDataManager.swift in Sources */,
				492EDA21240659DC0004E729 /* PreviewViewController.swift in Sources */,
				49BA55B324218DEF00B8D9A7 /* TargetHistory.cpp in Sources */,
			);
			runOnlyForDeploymentPostprocessing = 0;
		};
		4992C25B23D04BB7002C712F /* Sources */ = {
			isa = PBXSourcesBuildPhase;
			buildActionMask = 2147483647;
			files = (
				4957CE6523EE87BD0004E528 /* IotDataModelTests.swift in Sources */,
				4992C26423D04BB7002C712F /* capTests.swift in Sources */,
				49C4964C2400497600AE4094 /* ActionManagerTests.swift in Sources */,
			);
			runOnlyForDeploymentPostprocessing = 0;
		};
		4992C26623D04BB8002C712F /* Sources */ = {
			isa = PBXSourcesBuildPhase;
			buildActionMask = 2147483647;
			files = (
				4992C26F23D04BB8002C712F /* capUITests.swift in Sources */,
			);
			runOnlyForDeploymentPostprocessing = 0;
		};
/* End PBXSourcesBuildPhase section */

/* Begin PBXTargetDependency section */
		4992C26123D04BB7002C712F /* PBXTargetDependency */ = {
			isa = PBXTargetDependency;
			target = 4992C24823D04BB4002C712F /* cap */;
			targetProxy = 4992C26023D04BB7002C712F /* PBXContainerItemProxy */;
		};
		4992C26C23D04BB8002C712F /* PBXTargetDependency */ = {
			isa = PBXTargetDependency;
			target = 4992C24823D04BB4002C712F /* cap */;
			targetProxy = 4992C26B23D04BB8002C712F /* PBXContainerItemProxy */;
		};
/* End PBXTargetDependency section */

/* Begin PBXVariantGroup section */
		4992C25723D04BB7002C712F /* LaunchScreen.storyboard */ = {
			isa = PBXVariantGroup;
			children = (
				4992C25823D04BB7002C712F /* Base */,
			);
			name = LaunchScreen.storyboard;
			sourceTree = "<group>";
		};
/* End PBXVariantGroup section */

/* Begin XCBuildConfiguration section */
		4992C27123D04BB8002C712F /* Debug */ = {
			isa = XCBuildConfiguration;
			buildSettings = {
				ALWAYS_SEARCH_USER_PATHS = NO;
				CLANG_ANALYZER_NONNULL = YES;
				CLANG_ANALYZER_NUMBER_OBJECT_CONVERSION = YES_AGGRESSIVE;
				CLANG_CXX_LANGUAGE_STANDARD = "gnu++14";
				CLANG_CXX_LIBRARY = "libc++";
				CLANG_ENABLE_MODULES = YES;
				CLANG_ENABLE_OBJC_ARC = YES;
				CLANG_ENABLE_OBJC_WEAK = YES;
				CLANG_WARN_BLOCK_CAPTURE_AUTORELEASING = YES;
				CLANG_WARN_BOOL_CONVERSION = YES;
				CLANG_WARN_COMMA = YES;
				CLANG_WARN_CONSTANT_CONVERSION = YES;
				CLANG_WARN_DEPRECATED_OBJC_IMPLEMENTATIONS = YES;
				CLANG_WARN_DIRECT_OBJC_ISA_USAGE = YES_ERROR;
				CLANG_WARN_DOCUMENTATION_COMMENTS = YES;
				CLANG_WARN_EMPTY_BODY = YES;
				CLANG_WARN_ENUM_CONVERSION = YES;
				CLANG_WARN_INFINITE_RECURSION = YES;
				CLANG_WARN_INT_CONVERSION = YES;
				CLANG_WARN_NON_LITERAL_NULL_CONVERSION = YES;
				CLANG_WARN_OBJC_IMPLICIT_RETAIN_SELF = YES;
				CLANG_WARN_OBJC_LITERAL_CONVERSION = YES;
				CLANG_WARN_OBJC_ROOT_CLASS = YES_ERROR;
				CLANG_WARN_RANGE_LOOP_ANALYSIS = YES;
				CLANG_WARN_STRICT_PROTOTYPES = YES;
				CLANG_WARN_SUSPICIOUS_MOVE = YES;
				CLANG_WARN_UNGUARDED_AVAILABILITY = YES_AGGRESSIVE;
				CLANG_WARN_UNREACHABLE_CODE = YES;
				CLANG_WARN__DUPLICATE_METHOD_MATCH = YES;
				COPY_PHASE_STRIP = NO;
				DEBUG_INFORMATION_FORMAT = dwarf;
				ENABLE_STRICT_OBJC_MSGSEND = YES;
				ENABLE_TESTABILITY = YES;
				GCC_C_LANGUAGE_STANDARD = gnu11;
				GCC_DYNAMIC_NO_PIC = NO;
				GCC_NO_COMMON_BLOCKS = YES;
				GCC_OPTIMIZATION_LEVEL = 0;
				GCC_PREPROCESSOR_DEFINITIONS = (
					"DEBUG=1",
					"$(inherited)",
				);
				GCC_WARN_64_TO_32_BIT_CONVERSION = YES;
				GCC_WARN_ABOUT_RETURN_TYPE = YES_ERROR;
				GCC_WARN_UNDECLARED_SELECTOR = YES;
				GCC_WARN_UNINITIALIZED_AUTOS = YES_AGGRESSIVE;
				GCC_WARN_UNUSED_FUNCTION = YES;
				GCC_WARN_UNUSED_VARIABLE = YES;
				IPHONEOS_DEPLOYMENT_TARGET = 13.2;
				MTL_ENABLE_DEBUG_INFO = INCLUDE_SOURCE;
				MTL_FAST_MATH = YES;
				ONLY_ACTIVE_ARCH = YES;
				SDKROOT = iphoneos;
				SWIFT_ACTIVE_COMPILATION_CONDITIONS = DEBUG;
				SWIFT_OPTIMIZATION_LEVEL = "-Onone";
			};
			name = Debug;
		};
		4992C27223D04BB8002C712F /* Release */ = {
			isa = XCBuildConfiguration;
			buildSettings = {
				ALWAYS_SEARCH_USER_PATHS = NO;
				CLANG_ANALYZER_NONNULL = YES;
				CLANG_ANALYZER_NUMBER_OBJECT_CONVERSION = YES_AGGRESSIVE;
				CLANG_CXX_LANGUAGE_STANDARD = "gnu++14";
				CLANG_CXX_LIBRARY = "libc++";
				CLANG_ENABLE_MODULES = YES;
				CLANG_ENABLE_OBJC_ARC = YES;
				CLANG_ENABLE_OBJC_WEAK = YES;
				CLANG_WARN_BLOCK_CAPTURE_AUTORELEASING = YES;
				CLANG_WARN_BOOL_CONVERSION = YES;
				CLANG_WARN_COMMA = YES;
				CLANG_WARN_CONSTANT_CONVERSION = YES;
				CLANG_WARN_DEPRECATED_OBJC_IMPLEMENTATIONS = YES;
				CLANG_WARN_DIRECT_OBJC_ISA_USAGE = YES_ERROR;
				CLANG_WARN_DOCUMENTATION_COMMENTS = YES;
				CLANG_WARN_EMPTY_BODY = YES;
				CLANG_WARN_ENUM_CONVERSION = YES;
				CLANG_WARN_INFINITE_RECURSION = YES;
				CLANG_WARN_INT_CONVERSION = YES;
				CLANG_WARN_NON_LITERAL_NULL_CONVERSION = YES;
				CLANG_WARN_OBJC_IMPLICIT_RETAIN_SELF = YES;
				CLANG_WARN_OBJC_LITERAL_CONVERSION = YES;
				CLANG_WARN_OBJC_ROOT_CLASS = YES_ERROR;
				CLANG_WARN_RANGE_LOOP_ANALYSIS = YES;
				CLANG_WARN_STRICT_PROTOTYPES = YES;
				CLANG_WARN_SUSPICIOUS_MOVE = YES;
				CLANG_WARN_UNGUARDED_AVAILABILITY = YES_AGGRESSIVE;
				CLANG_WARN_UNREACHABLE_CODE = YES;
				CLANG_WARN__DUPLICATE_METHOD_MATCH = YES;
				COPY_PHASE_STRIP = NO;
				DEBUG_INFORMATION_FORMAT = "dwarf-with-dsym";
				ENABLE_NS_ASSERTIONS = NO;
				ENABLE_STRICT_OBJC_MSGSEND = YES;
				GCC_C_LANGUAGE_STANDARD = gnu11;
				GCC_NO_COMMON_BLOCKS = YES;
				GCC_WARN_64_TO_32_BIT_CONVERSION = YES;
				GCC_WARN_ABOUT_RETURN_TYPE = YES_ERROR;
				GCC_WARN_UNDECLARED_SELECTOR = YES;
				GCC_WARN_UNINITIALIZED_AUTOS = YES_AGGRESSIVE;
				GCC_WARN_UNUSED_FUNCTION = YES;
				GCC_WARN_UNUSED_VARIABLE = YES;
				IPHONEOS_DEPLOYMENT_TARGET = 13.2;
				MTL_ENABLE_DEBUG_INFO = NO;
				MTL_FAST_MATH = YES;
				SDKROOT = iphoneos;
				SWIFT_COMPILATION_MODE = wholemodule;
				SWIFT_OPTIMIZATION_LEVEL = "-O";
				VALIDATE_PRODUCT = YES;
			};
			name = Release;
		};
		4992C27423D04BB8002C712F /* Debug */ = {
			isa = XCBuildConfiguration;
			buildSettings = {
				ALWAYS_EMBED_SWIFT_STANDARD_LIBRARIES = YES;
				ASSETCATALOG_COMPILER_APPICON_NAME = AppIcon;
				CLANG_ENABLE_MODULES = YES;
				CODE_SIGN_STYLE = Automatic;
				DEVELOPMENT_TEAM = 6C7WSDTC88;
				FRAMEWORK_SEARCH_PATHS = (
					"$(inherited)",
					"$(PROJECT_DIR)/libs",
				);
				INFOPLIST_FILE = cap/Info.plist;
				LD_RUNPATH_SEARCH_PATHS = (
					"$(inherited)",
					"@executable_path/Frameworks",
				);
				PRODUCT_BUNDLE_IDENTIFIER = com.capstone.cap;
				PRODUCT_NAME = "$(TARGET_NAME)";
				SWIFT_OBJC_BRIDGING_HEADER = "cap/LifiDetector/cap-Bridging-Header.h";
				SWIFT_OPTIMIZATION_LEVEL = "-Onone";
				SWIFT_VERSION = 5.0;
				TARGETED_DEVICE_FAMILY = "1,2";
			};
			name = Debug;
		};
		4992C27523D04BB8002C712F /* Release */ = {
			isa = XCBuildConfiguration;
			buildSettings = {
				ALWAYS_EMBED_SWIFT_STANDARD_LIBRARIES = YES;
				ASSETCATALOG_COMPILER_APPICON_NAME = AppIcon;
				CLANG_ENABLE_MODULES = YES;
				CODE_SIGN_STYLE = Automatic;
				DEVELOPMENT_TEAM = 6C7WSDTC88;
				FRAMEWORK_SEARCH_PATHS = (
					"$(inherited)",
					"$(PROJECT_DIR)/libs",
				);
				INFOPLIST_FILE = cap/Info.plist;
				LD_RUNPATH_SEARCH_PATHS = (
					"$(inherited)",
					"@executable_path/Frameworks",
				);
				PRODUCT_BUNDLE_IDENTIFIER = com.capstone.cap;
				PRODUCT_NAME = "$(TARGET_NAME)";
				SWIFT_OBJC_BRIDGING_HEADER = "cap/LifiDetector/cap-Bridging-Header.h";
				SWIFT_VERSION = 5.0;
				TARGETED_DEVICE_FAMILY = "1,2";
			};
			name = Release;
		};
		4992C27723D04BB8002C712F /* Debug */ = {
			isa = XCBuildConfiguration;
			buildSettings = {
				ALWAYS_EMBED_SWIFT_STANDARD_LIBRARIES = YES;
				BUNDLE_LOADER = "$(TEST_HOST)";
				CODE_SIGN_STYLE = Automatic;
				DEVELOPMENT_TEAM = 6C7WSDTC88;
				INFOPLIST_FILE = capTests/Info.plist;
				IPHONEOS_DEPLOYMENT_TARGET = 13.2;
				LD_RUNPATH_SEARCH_PATHS = (
					"$(inherited)",
					"@executable_path/Frameworks",
					"@loader_path/Frameworks",
				);
				PRODUCT_BUNDLE_IDENTIFIER = com.capstone.capTests;
				PRODUCT_NAME = "$(TARGET_NAME)";
				SWIFT_VERSION = 5.0;
				TARGETED_DEVICE_FAMILY = "1,2";
				TEST_HOST = "$(BUILT_PRODUCTS_DIR)/cap.app/cap";
			};
			name = Debug;
		};
		4992C27823D04BB8002C712F /* Release */ = {
			isa = XCBuildConfiguration;
			buildSettings = {
				ALWAYS_EMBED_SWIFT_STANDARD_LIBRARIES = YES;
				BUNDLE_LOADER = "$(TEST_HOST)";
				CODE_SIGN_STYLE = Automatic;
				DEVELOPMENT_TEAM = 6C7WSDTC88;
				INFOPLIST_FILE = capTests/Info.plist;
				IPHONEOS_DEPLOYMENT_TARGET = 13.2;
				LD_RUNPATH_SEARCH_PATHS = (
					"$(inherited)",
					"@executable_path/Frameworks",
					"@loader_path/Frameworks",
				);
				PRODUCT_BUNDLE_IDENTIFIER = com.capstone.capTests;
				PRODUCT_NAME = "$(TARGET_NAME)";
				SWIFT_VERSION = 5.0;
				TARGETED_DEVICE_FAMILY = "1,2";
				TEST_HOST = "$(BUILT_PRODUCTS_DIR)/cap.app/cap";
			};
			name = Release;
		};
		4992C27A23D04BB8002C712F /* Debug */ = {
			isa = XCBuildConfiguration;
			buildSettings = {
				ALWAYS_EMBED_SWIFT_STANDARD_LIBRARIES = YES;
				CODE_SIGN_STYLE = Automatic;
				DEVELOPMENT_TEAM = 6C7WSDTC88;
				INFOPLIST_FILE = capUITests/Info.plist;
				LD_RUNPATH_SEARCH_PATHS = (
					"$(inherited)",
					"@executable_path/Frameworks",
					"@loader_path/Frameworks",
				);
				PRODUCT_BUNDLE_IDENTIFIER = com.capstone.capUITests;
				PRODUCT_NAME = "$(TARGET_NAME)";
				SWIFT_VERSION = 5.0;
				TARGETED_DEVICE_FAMILY = "1,2";
				TEST_TARGET_NAME = cap;
			};
			name = Debug;
		};
		4992C27B23D04BB8002C712F /* Release */ = {
			isa = XCBuildConfiguration;
			buildSettings = {
				ALWAYS_EMBED_SWIFT_STANDARD_LIBRARIES = YES;
				CODE_SIGN_STYLE = Automatic;
				DEVELOPMENT_TEAM = 6C7WSDTC88;
				INFOPLIST_FILE = capUITests/Info.plist;
				LD_RUNPATH_SEARCH_PATHS = (
					"$(inherited)",
					"@executable_path/Frameworks",
					"@loader_path/Frameworks",
				);
				PRODUCT_BUNDLE_IDENTIFIER = com.capstone.capUITests;
				PRODUCT_NAME = "$(TARGET_NAME)";
				SWIFT_VERSION = 5.0;
				TARGETED_DEVICE_FAMILY = "1,2";
				TEST_TARGET_NAME = cap;
			};
			name = Release;
		};
/* End XCBuildConfiguration section */

/* Begin XCConfigurationList section */
		4992C24423D04BB4002C712F /* Build configuration list for PBXProject "cap" */ = {
			isa = XCConfigurationList;
			buildConfigurations = (
				4992C27123D04BB8002C712F /* Debug */,
				4992C27223D04BB8002C712F /* Release */,
			);
			defaultConfigurationIsVisible = 0;
			defaultConfigurationName = Release;
		};
		4992C27323D04BB8002C712F /* Build configuration list for PBXNativeTarget "cap" */ = {
			isa = XCConfigurationList;
			buildConfigurations = (
				4992C27423D04BB8002C712F /* Debug */,
				4992C27523D04BB8002C712F /* Release */,
			);
			defaultConfigurationIsVisible = 0;
			defaultConfigurationName = Release;
		};
		4992C27623D04BB8002C712F /* Build configuration list for PBXNativeTarget "capTests" */ = {
			isa = XCConfigurationList;
			buildConfigurations = (
				4992C27723D04BB8002C712F /* Debug */,
				4992C27823D04BB8002C712F /* Release */,
			);
			defaultConfigurationIsVisible = 0;
			defaultConfigurationName = Release;
		};
		4992C27923D04BB8002C712F /* Build configuration list for PBXNativeTarget "capUITests" */ = {
			isa = XCConfigurationList;
			buildConfigurations = (
				4992C27A23D04BB8002C712F /* Debug */,
				4992C27B23D04BB8002C712F /* Release */,
			);
			defaultConfigurationIsVisible = 0;
			defaultConfigurationName = Release;
		};
/* End XCConfigurationList section */

/* Begin XCRemoteSwiftPackageReference section */
		4957CE7023EF693F0004E528 /* XCRemoteSwiftPackageReference "FlexColorPicker" */ = {
			isa = XCRemoteSwiftPackageReference;
			repositoryURL = "https://github.com/RastislavMirek/FlexColorPicker";
			requirement = {
				kind = upToNextMajorVersion;
				minimumVersion = 1.3.1;
			};
		};
/* End XCRemoteSwiftPackageReference section */

/* Begin XCSwiftPackageProductDependency section */
		4957CE7123EF693F0004E528 /* FlexColorPicker */ = {
			isa = XCSwiftPackageProductDependency;
			package = 4957CE7023EF693F0004E528 /* XCRemoteSwiftPackageReference "FlexColorPicker" */;
			productName = FlexColorPicker;
		};
/* End XCSwiftPackageProductDependency section */
	};
	rootObject = 4992C24123D04BB4002C712F /* Project object */;
}
